
Microsoft Visual Studio Solution File, Format Version 12.00
# Visual Studio 2012
Project("{FAE04EC0-301F-11D3-BF4B-00C04F79EFBC}") = "WIKI", "WIKI\WIKI.csproj", "{93E2E38E-A058-4005-A8FF-3D7E77F7DB08}"
EndProject
Global
	GlobalSection(SolutionConfigurationPlatforms) = preSolution
		Debug|Any CPU = Debug|Any CPU
		Release|Any CPU = Release|Any CPU
	EndGlobalSection
	GlobalSection(ProjectConfigurationPlatforms) = postSolution
		{93E2E38E-A058-4005-A8FF-3D7E77F7DB08}.Debug|Any CPU.ActiveCfg = Debug|Any CPU
		{93E2E38E-A058-4005-A8FF-3D7E77F7DB08}.Debug|Any CPU.Build.0 = Debug|Any CPU
		{93E2E38E-A058-4005-A8FF-3D7E77F7DB08}.Release|Any CPU.ActiveCfg = Release|Any CPU
		{93E2E38E-A058-4005-A8FF-3D7E77F7DB08}.Release|Any CPU.Build.0 = Release|Any CPU
	EndGlobalSection
	GlobalSection(SolutionProperties) = preSolution
		HideSolutionNode = FALSE
	EndGlobalSection
EndGlobal
